PODS:
  - AFNetworking/NSURLSession (4.0.1):
    - AFNetworking/Reachability
    - AFNetworking/Security
    - AFNetworking/Serialization
  - AFNetworking/Reachability (4.0.1)
  - AFNetworking/Security (4.0.1)
  - AFNetworking/Serialization (4.0.1)
  - Alamofire (5.4.3)
  - AppAuth (1.4.0):
    - AppAuth/Core (= 1.4.0)
    - AppAuth/ExternalUserAgent (= 1.4.0)
  - AppAuth/Core (1.4.0)
  - AppAuth/ExternalUserAgent (1.4.0)
  - AppsFlyerFramework (6.5.0):
    - AppsFlyerFramework/Main (= 6.5.0)
  - AppsFlyerFramework/Main (6.5.0)
  - BRPickerView (2.7.7):
    - BRPickerView/AddressPickerView (= 2.7.7)
    - BRPickerView/Base (= 2.7.7)
    - BRPickerView/DatePickerView (= 2.7.7)
    - BRPickerView/StringPickerView (= 2.7.7)
  - BRPickerView/AddressPickerView (2.7.7):
    - BRPickerView/Base
  - BRPickerView/Base (2.7.7)
  - BRPickerView/DatePickerView (2.7.7):
    - BRPickerView/Base
  - BRPickerView/StringPickerView (2.7.7):
    - BRPickerView/Base
  - Charts (3.3.0):
    - Charts/Core (= 3.3.0)
  - Charts/Core (3.3.0)
  - CocoaAsyncSocket (7.6.3)
  - CryptoSwift (1.4.2)
  - CYLTabBarController/Core (1.28.5)
  - CYLTabBarController/Lottie (1.28.5):
    - CYLTabBarController/Core
    - lottie-ios (~> 2.5.3)
  - Differentiator (4.0.1)
  - DTCoreText (1.6.23):
    - DTCoreText/Core (= 1.6.23)
    - DTFoundation/Core (~> 1.7.5)
    - DTFoundation/DTAnimatedGIF (~> 1.7.5)
    - DTFoundation/DTHTMLParser (~> 1.7.5)
    - DTFoundation/UIKit (~> 1.7.5)
  - DTCoreText/Core (1.6.23):
    - DTFoundation/Core (~> 1.7.5)
    - DTFoundation/DTAnimatedGIF (~> 1.7.5)
    - DTFoundation/DTHTMLParser (~> 1.7.5)
    - DTFoundation/UIKit (~> 1.7.5)
  - DTFoundation/Core (1.7.14)
  - DTFoundation/DTAnimatedGIF (1.7.14)
  - DTFoundation/DTHTMLParser (1.7.14):
    - DTFoundation/Core
  - DTFoundation/UIKit (1.7.14):
    - DTFoundation/Core
  - DZNEmptyDataSet (1.8.1)
  - Firebase/Analytics (6.27.0):
    - Firebase/Core
  - Firebase/Auth (6.27.0):
    - Firebase/CoreOnly
    - FirebaseAuth (~> 6.6.0)
  - Firebase/Core (6.27.0):
    - Firebase/CoreOnly
    - FirebaseAnalytics (= 6.6.1)
  - Firebase/CoreOnly (6.27.0):
    - FirebaseCore (= 6.8.0)
  - Firebase/Crashlytics (6.27.0):
    - Firebase/CoreOnly
    - FirebaseCrashlytics (~> 4.2.0)
  - FirebaseAnalytics (6.6.1):
    - FirebaseCore (~> 6.8)
    - FirebaseInstallations (~> 1.4)
    - GoogleAppMeasurement (= 6.6.1)
    - GoogleUtilities/AppDelegateSwizzler (~> 6.0)
    - GoogleUtilities/MethodSwizzler (~> 6.0)
    - GoogleUtilities/Network (~> 6.0)
    - "GoogleUtilities/NSData+zlib (~> 6.0)"
    - nanopb (~> 1.30905.0)
  - FirebaseAuth (6.6.0):
    - FirebaseCore (~> 6.8)
    - GoogleUtilities/AppDelegateSwizzler (~> 6.5)
    - GoogleUtilities/Environment (~> 6.5)
    - GTMSessionFetcher/Core (~> 1.1)
  - FirebaseCore (6.8.0):
    - FirebaseCoreDiagnostics (~> 1.3)
    - GoogleUtilities/Environment (~> 6.5)
    - GoogleUtilities/Logger (~> 6.5)
  - FirebaseCoreDiagnostics (1.4.0):
    - GoogleDataTransportCCTSupport (~> 3.1)
    - GoogleUtilities/Environment (~> 6.5)
    - GoogleUtilities/Logger (~> 6.5)
    - nanopb (~> 1.30905.0)
  - FirebaseCrashlytics (4.2.0):
    - FirebaseCore (~> 6.8)
    - FirebaseInstallations (~> 1.1)
    - GoogleDataTransport (~> 6.1)
    - GoogleDataTransportCCTSupport (~> 3.1)
    - nanopb (~> 1.30905.0)
    - PromisesObjC (~> 1.2)
  - FirebaseInstallations (1.4.0):
    - FirebaseCore (~> 6.8)
    - GoogleUtilities/Environment (~> 6.6)
    - GoogleUtilities/UserDefaults (~> 6.6)
    - PromisesObjC (~> 1.2)
  - FLAnimatedImage (1.0.16)
  - GoogleAppMeasurement (6.6.1):
    - GoogleUtilities/AppDelegateSwizzler (~> 6.0)
    - GoogleUtilities/MethodSwizzler (~> 6.0)
    - GoogleUtilities/Network (~> 6.0)
    - "GoogleUtilities/NSData+zlib (~> 6.0)"
    - nanopb (~> 1.30905.0)
  - GoogleDataTransport (6.2.1)
  - GoogleDataTransportCCTSupport (3.2.0):
    - GoogleDataTransport (~> 6.1)
    - nanopb (~> 1.30905.0)
  - GoogleSignIn (5.0.2):
    - AppAuth (~> 1.2)
    - GTMAppAuth (~> 1.0)
    - GTMSessionFetcher/Core (~> 1.1)
  - GoogleUtilities/AppDelegateSwizzler (6.6.0):
    - GoogleUtilities/Environment
    - GoogleUtilities/Logger
    - GoogleUtilities/Network
  - GoogleUtilities/Environment (6.6.0):
    - PromisesObjC (~> 1.2)
  - GoogleUtilities/Logger (6.6.0):
    - GoogleUtilities/Environment
  - GoogleUtilities/MethodSwizzler (6.6.0):
    - GoogleUtilities/Logger
  - GoogleUtilities/Network (6.6.0):
    - GoogleUtilities/Logger
    - "GoogleUtilities/NSData+zlib"
    - GoogleUtilities/Reachability
  - "GoogleUtilities/NSData+zlib (6.6.0)"
  - GoogleUtilities/Reachability (6.6.0):
    - GoogleUtilities/Logger
  - GoogleUtilities/UserDefaults (6.6.0):
    - GoogleUtilities/Logger
  - GTMAppAuth (1.0.0):
    - AppAuth/Core (~> 1.0)
    - GTMSessionFetcher (~> 1.1)
  - GTMSessionFetcher (1.4.0):
    - GTMSessionFetcher/Full (= 1.4.0)
  - GTMSessionFetcher/Core (1.4.0)
  - GTMSessionFetcher/Full (1.4.0):
    - GTMSessionFetcher/Core (= 1.4.0)
  - IGListDiffKit (4.1.0)
  - IGListKit (4.1.0):
    - IGListDiffKit (= 4.1.0)
  - IGListSwiftKit (4.1.0):
    - IGListKit (= 4.1.0)
  - iProov (8.1.1):
    - Socket.IO-Client-Swift (~> 15.2)
  - IQKeyboardManagerSwift (6.5.5)
  - JumioMobileSDK/Netverify (3.8.0):
    - iProov (= 8.1.1)
  - JumioMobileSDK/NetverifyBarcode (3.8.0)
  - JumioMobileSDK/NetverifyBase (3.8.0)
  - "JumioMobileSDK/NetverifyFace+iProov (3.8.0)":
    - iProov (= 8.1.1)
  - JumioMobileSDK/NetverifyNFC (3.8.0)
  - JXPagingView/Paging (2.1.2)
  - JXSegmentedView (1.2.7)
  - libwebp (1.2.1):
    - libwebp/demux (= 1.2.1)
    - libwebp/mux (= 1.2.1)
    - libwebp/webp (= 1.2.1)
  - libwebp/demux (1.2.1):
    - libwebp/webp
  - libwebp/mux (1.2.1):
    - libwebp/demux
  - libwebp/webp (1.2.1)
  - lottie-ios (2.5.3)
  - Masonry (1.1.0)
  - MBProgressHUD (1.1.0)
  - MJRefresh (3.2.0)
  - MMKV (1.0.23)
  - mob_sharesdk (4.4.5):
    - mob_sharesdk/ShareSDK (= 4.4.5)
    - MOBFoundation (>= 3.2.9)
  - mob_sharesdk/ShareSDK (4.4.5):
    - MOBFoundation (>= 3.2.9)
  - mob_sharesdk/ShareSDKExtension (4.4.5):
    - mob_sharesdk/ShareSDK
    - MOBFoundation (>= 3.2.9)
  - mob_sharesdk/ShareSDKPlatforms/Facebook (4.4.5):
    - mob_sharesdk/ShareSDK
    - MOBFoundation (>= 3.2.9)
  - mob_sharesdk/ShareSDKPlatforms/Instagram (4.4.5):
    - mob_sharesdk/ShareSDK
    - MOBFoundation (>= 3.2.9)
  - mob_sharesdk/ShareSDKPlatforms/Line (4.4.5):
    - mob_sharesdk/ShareSDK
    - MOBFoundation (>= 3.2.9)
  - mob_sharesdk/ShareSDKPlatforms/Messenger (4.4.5):
    - mob_sharesdk/ShareSDK
    - MOBFoundation (>= 3.2.9)
  - mob_sharesdk/ShareSDKPlatforms/Telegram (4.4.5):
    - mob_sharesdk/ShareSDK
    - MOBFoundation (>= 3.2.9)
  - mob_sharesdk/ShareSDKPlatforms/Twitter (4.4.5):
    - mob_sharesdk/ShareSDK
    - MOBFoundation (>= 3.2.9)
  - mob_sharesdk/ShareSDKPlatforms/WeChat (4.4.5):
    - mob_sharesdk/ShareSDK
    - MOBFoundation (>= 3.2.9)
  - mob_sharesdk/ShareSDKPlatforms/WhatsApp (4.4.5):
    - mob_sharesdk/ShareSDK
    - MOBFoundation (>= 3.2.9)
  - MOBFoundation (3.2.33)
  - Moya/Core (14.0.0):
    - Alamofire (~> 5.0)
  - Moya/RxSwift (14.0.0):
    - Moya/Core
    - RxSwift (~> 5.0)
  - MSDKDns_C11 (1.3.3)
  - nanopb (1.30905.0):
    - nanopb/decode (= 1.30905.0)
    - nanopb/encode (= 1.30905.0)
  - nanopb/decode (1.30905.0)
  - nanopb/encode (1.30905.0)
  - "NSObject+Rx (5.1.0)":
    - RxSwift (~> 5.1)
  - Onfido (25.0.0)
  - PluggableApplicationDelegate (0.2.0)
  - PPSPing (0.3.0)
  - PromisesObjC (1.2.9)
  - Protobuf (3.14.0)
  - QCloudCore (5.5.7)
  - QCloudCOSXML/Transfer (5.5.7):
    - QCloudCore (= 5.5.7)
  - QMUIKit (4.4.3):
    - QMUIKit/QMUIComponents (= 4.4.3)
    - QMUIKit/QMUICore (= 4.4.3)
    - QMUIKit/QMUILog (= 4.4.3)
    - QMUIKit/QMUIMainFrame (= 4.4.3)
    - QMUIKit/QMUIResources (= 4.4.3)
    - QMUIKit/QMUIWeakObjectContainer (= 4.4.3)
  - QMUIKit/QMUIComponents (4.4.3):
    - QMUIKit/QMUIComponents/NavigationBarTransition (= 4.4.3)
    - QMUIKit/QMUIComponents/QMUIAlertController (= 4.4.3)
    - QMUIKit/QMUIComponents/QMUIAnimation (= 4.4.3)
    - QMUIKit/QMUIComponents/QMUIAppearance (= 4.4.3)
    - QMUIKit/QMUIComponents/QMUIAssetLibrary (= 4.4.3)
    - QMUIKit/QMUIComponents/QMUIBadge (= 4.4.3)
    - QMUIKit/QMUIComponents/QMUIButton (= 4.4.3)
    - QMUIKit/QMUIComponents/QMUICAAnimationExtension (= 4.4.3)
    - QMUIKit/QMUIComponents/QMUICALayerExtension (= 4.4.3)
    - QMUIKit/QMUIComponents/QMUICellHeightCache (= 4.4.3)
    - QMUIKit/QMUIComponents/QMUICellHeightKeyCache (= 4.4.3)
    - QMUIKit/QMUIComponents/QMUICellSizeKeyCache (= 4.4.3)
    - QMUIKit/QMUIComponents/QMUICollectionViewPagingLayout (= 4.4.3)
    - QMUIKit/QMUIComponents/QMUIConsole (= 4.4.3)
    - QMUIKit/QMUIComponents/QMUIDialogViewController (= 4.4.3)
    - QMUIKit/QMUIComponents/QMUIEmotionInputManager (= 4.4.3)
    - QMUIKit/QMUIComponents/QMUIEmotionView (= 4.4.3)
    - QMUIKit/QMUIComponents/QMUIEmptyView (= 4.4.3)
    - QMUIKit/QMUIComponents/QMUIFloatLayoutView (= 4.4.3)
    - QMUIKit/QMUIComponents/QMUIGridView (= 4.4.3)
    - QMUIKit/QMUIComponents/QMUIImagePickerLibrary (= 4.4.3)
    - QMUIKit/QMUIComponents/QMUIImagePreviewView (= 4.4.3)
    - QMUIKit/QMUIComponents/QMUIKeyboardManager (= 4.4.3)
    - QMUIKit/QMUIComponents/QMUILabel (= 4.4.3)
    - QMUIKit/QMUIComponents/QMUILogManagerViewController (= 4.4.3)
    - QMUIKit/QMUIComponents/QMUILogWithConfigurationSupported (= 4.4.3)
    - QMUIKit/QMUIComponents/QMUIMarqueeLabel (= 4.4.3)
    - QMUIKit/QMUIComponents/QMUIModalPresentationViewController (= 4.4.3)
    - QMUIKit/QMUIComponents/QMUIMoreOperationController (= 4.4.3)
    - QMUIKit/QMUIComponents/QMUIMultipleDelegates (= 4.4.3)
    - QMUIKit/QMUIComponents/QMUINavigationButton (= 4.4.3)
    - QMUIKit/QMUIComponents/QMUINavigationTitleView (= 4.4.3)
    - QMUIKit/QMUIComponents/QMUIOrderedDictionary (= 4.4.3)
    - QMUIKit/QMUIComponents/QMUIPieProgressView (= 4.4.3)
    - QMUIKit/QMUIComponents/QMUIPopupContainerView (= 4.4.3)
    - QMUIKit/QMUIComponents/QMUIPopupMenuView (= 4.4.3)
    - QMUIKit/QMUIComponents/QMUIScrollAnimator (= 4.4.3)
    - QMUIKit/QMUIComponents/QMUISearchBar (= 4.4.3)
    - QMUIKit/QMUIComponents/QMUISearchController (= 4.4.3)
    - QMUIKit/QMUIComponents/QMUISegmentedControl (= 4.4.3)
    - QMUIKit/QMUIComponents/QMUIStaticTableView (= 4.4.3)
    - QMUIKit/QMUIComponents/QMUITableView (= 4.4.3)
    - QMUIKit/QMUIComponents/QMUITableViewCell (= 4.4.3)
    - QMUIKit/QMUIComponents/QMUITableViewHeaderFooterView (= 4.4.3)
    - QMUIKit/QMUIComponents/QMUITableViewProtocols (= 4.4.3)
    - QMUIKit/QMUIComponents/QMUITestView (= 4.4.3)
    - QMUIKit/QMUIComponents/QMUITextField (= 4.4.3)
    - QMUIKit/QMUIComponents/QMUITextView (= 4.4.3)
    - QMUIKit/QMUIComponents/QMUITheme (= 4.4.3)
    - QMUIKit/QMUIComponents/QMUITips (= 4.4.3)
    - QMUIKit/QMUIComponents/QMUIToastView (= 4.4.3)
    - QMUIKit/QMUIComponents/QMUIToolbarButton (= 4.4.3)
    - QMUIKit/QMUIComponents/QMUIWindowSizeMonitor (= 4.4.3)
    - QMUIKit/QMUIComponents/QMUIZoomImageView (= 4.4.3)
    - QMUIKit/QMUICore
  - QMUIKit/QMUIComponents/NavigationBarTransition (4.4.3):
    - QMUIKit/QMUIComponents/QMUINavigationTitleView
    - QMUIKit/QMUICore
    - QMUIKit/QMUIMainFrame
  - QMUIKit/QMUIComponents/QMUIAlertController (4.4.3):
    - QMUIKit/QMUIComponents/QMUIAppearance
    - QMUIKit/QMUIComponents/QMUIButton
    - QMUIKit/QMUIComponents/QMUIKeyboardManager
    - QMUIKit/QMUIComponents/QMUILabel
    - QMUIKit/QMUIComponents/QMUIModalPresentationViewController
    - QMUIKit/QMUIComponents/QMUITextField
    - QMUIKit/QMUICore
  - QMUIKit/QMUIComponents/QMUIAnimation (4.4.3):
    - QMUIKit/QMUICore
  - QMUIKit/QMUIComponents/QMUIAppearance (4.4.3):
    - QMUIKit/QMUICore
  - QMUIKit/QMUIComponents/QMUIAssetLibrary (4.4.3):
    - QMUIKit/QMUICore
  - QMUIKit/QMUIComponents/QMUIBadge (4.4.3):
    - QMUIKit/QMUIComponents/QMUILabel
    - QMUIKit/QMUICore
  - QMUIKit/QMUIComponents/QMUIButton (4.4.3):
    - QMUIKit/QMUICore
  - QMUIKit/QMUIComponents/QMUICAAnimationExtension (4.4.3):
    - QMUIKit/QMUIComponents/QMUIMultipleDelegates
    - QMUIKit/QMUICore
  - QMUIKit/QMUIComponents/QMUICALayerExtension (4.4.3):
    - QMUIKit/QMUIComponents/QMUIMultipleDelegates
    - QMUIKit/QMUICore
  - QMUIKit/QMUIComponents/QMUICellHeightCache (4.4.3):
    - QMUIKit/QMUIComponents/QMUITableViewProtocols
    - QMUIKit/QMUICore
  - QMUIKit/QMUIComponents/QMUICellHeightKeyCache (4.4.3):
    - QMUIKit/QMUIComponents/QMUIMultipleDelegates
    - QMUIKit/QMUIComponents/QMUITableViewProtocols
    - QMUIKit/QMUICore
  - QMUIKit/QMUIComponents/QMUICellSizeKeyCache (4.4.3):
    - QMUIKit/QMUIComponents/QMUIMultipleDelegates
    - QMUIKit/QMUICore
  - QMUIKit/QMUIComponents/QMUICollectionViewPagingLayout (4.4.3):
    - QMUIKit/QMUICore
  - QMUIKit/QMUIComponents/QMUIConsole (4.4.3):
    - QMUIKit/QMUIComponents/QMUIButton
    - QMUIKit/QMUIComponents/QMUICAAnimationExtension
    - QMUIKit/QMUIComponents/QMUICellHeightKeyCache
    - QMUIKit/QMUIComponents/QMUIPopupMenuView
    - QMUIKit/QMUIComponents/QMUITableView
    - QMUIKit/QMUIComponents/QMUITableViewCell
    - QMUIKit/QMUIComponents/QMUITextField
    - QMUIKit/QMUIComponents/QMUITextView
    - QMUIKit/QMUICore
    - QMUIKit/QMUIResources
  - QMUIKit/QMUIComponents/QMUIDialogViewController (4.4.3):
    - QMUIKit/QMUIComponents/QMUIAppearance
    - QMUIKit/QMUIComponents/QMUIButton
    - QMUIKit/QMUIComponents/QMUILabel
    - QMUIKit/QMUIComponents/QMUIModalPresentationViewController
    - QMUIKit/QMUIComponents/QMUINavigationTitleView
    - QMUIKit/QMUIComponents/QMUITableView
    - QMUIKit/QMUIComponents/QMUITableViewCell
    - QMUIKit/QMUIComponents/QMUITextField
    - QMUIKit/QMUICore
    - QMUIKit/QMUIMainFrame
  - QMUIKit/QMUIComponents/QMUIEmotionInputManager (4.4.3):
    - QMUIKit/QMUIComponents/QMUIEmotionView
    - QMUIKit/QMUICore
  - QMUIKit/QMUIComponents/QMUIEmotionView (4.4.3):
    - QMUIKit/QMUIComponents/QMUIButton
    - QMUIKit/QMUICore
    - QMUIKit/QMUIResources
  - QMUIKit/QMUIComponents/QMUIEmptyView (4.4.3):
    - QMUIKit/QMUIComponents/QMUIAppearance
    - QMUIKit/QMUIComponents/QMUIButton
    - QMUIKit/QMUICore
  - QMUIKit/QMUIComponents/QMUIFloatLayoutView (4.4.3):
    - QMUIKit/QMUICore
  - QMUIKit/QMUIComponents/QMUIGridView (4.4.3):
    - QMUIKit/QMUICore
  - QMUIKit/QMUIComponents/QMUIImagePickerLibrary (4.4.3):
    - QMUIKit/QMUIComponents/QMUIAlertController
    - QMUIKit/QMUIComponents/QMUIAppearance
    - QMUIKit/QMUIComponents/QMUIAssetLibrary
    - QMUIKit/QMUIComponents/QMUIButton
    - QMUIKit/QMUIComponents/QMUIEmptyView
    - QMUIKit/QMUIComponents/QMUIImagePreviewView
    - QMUIKit/QMUIComponents/QMUINavigationButton
    - QMUIKit/QMUIComponents/QMUITableViewCell
    - QMUIKit/QMUIComponents/QMUIZoomImageView
    - QMUIKit/QMUICore
    - QMUIKit/QMUIMainFrame
    - QMUIKit/QMUIResources
  - QMUIKit/QMUIComponents/QMUIImagePreviewView (4.4.3):
    - QMUIKit/QMUIComponents/QMUIAppearance
    - QMUIKit/QMUIComponents/QMUIButton
    - QMUIKit/QMUIComponents/QMUICollectionViewPagingLayout
    - QMUIKit/QMUIComponents/QMUIEmptyView
    - QMUIKit/QMUIComponents/QMUIPieProgressView
    - QMUIKit/QMUIComponents/QMUIZoomImageView
    - QMUIKit/QMUICore
    - QMUIKit/QMUIMainFrame
  - QMUIKit/QMUIComponents/QMUIKeyboardManager (4.4.3):
    - QMUIKit/QMUIComponents/QMUIAppearance
    - QMUIKit/QMUIComponents/QMUIMultipleDelegates
    - QMUIKit/QMUICore
  - QMUIKit/QMUIComponents/QMUILabel (4.4.3):
    - QMUIKit/QMUICore
  - QMUIKit/QMUIComponents/QMUILogManagerViewController (4.4.3):
    - QMUIKit/QMUIComponents/QMUIPopupMenuView
    - QMUIKit/QMUIComponents/QMUISearchController
    - QMUIKit/QMUIComponents/QMUIStaticTableView
    - QMUIKit/QMUIComponents/QMUITableView
    - QMUIKit/QMUICore
    - QMUIKit/QMUIMainFrame
  - QMUIKit/QMUIComponents/QMUILogWithConfigurationSupported (4.4.3):
    - QMUIKit/QMUICore
  - QMUIKit/QMUIComponents/QMUIMarqueeLabel (4.4.3):
    - QMUIKit/QMUICore
  - QMUIKit/QMUIComponents/QMUIModalPresentationViewController (4.4.3):
    - QMUIKit/QMUIComponents/QMUIAppearance
    - QMUIKit/QMUIComponents/QMUIKeyboardManager
    - QMUIKit/QMUICore
  - QMUIKit/QMUIComponents/QMUIMoreOperationController (4.4.3):
    - QMUIKit/QMUIComponents/QMUIAppearance
    - QMUIKit/QMUIComponents/QMUIButton
    - QMUIKit/QMUIComponents/QMUIModalPresentationViewController
    - QMUIKit/QMUICore
  - QMUIKit/QMUIComponents/QMUIMultipleDelegates (4.4.3):
    - QMUIKit/QMUICore
  - QMUIKit/QMUIComponents/QMUINavigationButton (4.4.3):
    - QMUIKit/QMUICore
    - QMUIKit/QMUIMainFrame
  - QMUIKit/QMUIComponents/QMUINavigationTitleView (4.4.3):
    - QMUIKit/QMUIComponents/QMUIAppearance
    - QMUIKit/QMUIComponents/QMUIButton
    - QMUIKit/QMUICore
  - QMUIKit/QMUIComponents/QMUIOrderedDictionary (4.4.3):
    - QMUIKit/QMUICore
  - QMUIKit/QMUIComponents/QMUIPieProgressView (4.4.3):
    - QMUIKit/QMUICore
  - QMUIKit/QMUIComponents/QMUIPopupContainerView (4.4.3):
    - QMUIKit/QMUIComponents/QMUIAppearance
    - QMUIKit/QMUICore
    - QMUIKit/QMUIMainFrame
  - QMUIKit/QMUIComponents/QMUIPopupMenuView (4.4.3):
    - QMUIKit/QMUIComponents/QMUIButton
    - QMUIKit/QMUIComponents/QMUIPopupContainerView
    - QMUIKit/QMUICore
  - QMUIKit/QMUIComponents/QMUIScrollAnimator (4.4.3):
    - QMUIKit/QMUIComponents/QMUIMultipleDelegates
    - QMUIKit/QMUICore
  - QMUIKit/QMUIComponents/QMUISearchBar (4.4.3):
    - QMUIKit/QMUICore
  - QMUIKit/QMUIComponents/QMUISearchController (4.4.3):
    - QMUIKit/QMUIComponents/QMUIEmptyView
    - QMUIKit/QMUIComponents/QMUISearchBar
    - QMUIKit/QMUICore
    - QMUIKit/QMUIMainFrame
  - QMUIKit/QMUIComponents/QMUISegmentedControl (4.4.3):
    - QMUIKit/QMUICore
  - QMUIKit/QMUIComponents/QMUIStaticTableView (4.4.3):
    - QMUIKit/QMUIComponents/QMUIMultipleDelegates
    - QMUIKit/QMUIComponents/QMUITableViewCell
    - QMUIKit/QMUICore
  - QMUIKit/QMUIComponents/QMUITableView (4.4.3):
    - QMUIKit/QMUIComponents/QMUITableViewProtocols
    - QMUIKit/QMUICore
  - QMUIKit/QMUIComponents/QMUITableViewCell (4.4.3):
    - QMUIKit/QMUIComponents/QMUIButton
    - QMUIKit/QMUICore
  - QMUIKit/QMUIComponents/QMUITableViewHeaderFooterView (4.4.3):
    - QMUIKit/QMUICore
  - QMUIKit/QMUIComponents/QMUITableViewProtocols (4.4.3):
    - QMUIKit/QMUICore
  - QMUIKit/QMUIComponents/QMUITestView (4.4.3):
    - QMUIKit/QMUICore
  - QMUIKit/QMUIComponents/QMUITextField (4.4.3):
    - QMUIKit/QMUIComponents/QMUIMultipleDelegates
    - QMUIKit/QMUICore
  - QMUIKit/QMUIComponents/QMUITextView (4.4.3):
    - QMUIKit/QMUIComponents/QMUILabel
    - QMUIKit/QMUIComponents/QMUIMultipleDelegates
    - QMUIKit/QMUICore
  - QMUIKit/QMUIComponents/QMUITheme (4.4.3):
    - QMUIKit/QMUIComponents/QMUIAlertController
    - QMUIKit/QMUIComponents/QMUIBadge
    - QMUIKit/QMUIComponents/QMUIButton
    - QMUIKit/QMUIComponents/QMUIConsole
    - QMUIKit/QMUIComponents/QMUIEmotionView
    - QMUIKit/QMUIComponents/QMUIEmptyView
    - QMUIKit/QMUIComponents/QMUIGridView
    - QMUIKit/QMUIComponents/QMUIImagePickerLibrary
    - QMUIKit/QMUIComponents/QMUIImagePreviewView
    - QMUIKit/QMUIComponents/QMUILabel
    - QMUIKit/QMUIComponents/QMUIModalPresentationViewController
    - QMUIKit/QMUIComponents/QMUIPopupContainerView
    - QMUIKit/QMUIComponents/QMUIPopupMenuView
    - QMUIKit/QMUIComponents/QMUITextField
    - QMUIKit/QMUIComponents/QMUITextView
    - QMUIKit/QMUIComponents/QMUIToastView
    - QMUIKit/QMUICore
  - QMUIKit/QMUIComponents/QMUITips (4.4.3):
    - QMUIKit/QMUIComponents/QMUIToastView
    - QMUIKit/QMUICore
    - QMUIKit/QMUIResources
  - QMUIKit/QMUIComponents/QMUIToastView (4.4.3):
    - QMUIKit/QMUIComponents/QMUIKeyboardManager
    - QMUIKit/QMUICore
  - QMUIKit/QMUIComponents/QMUIToolbarButton (4.4.3):
    - QMUIKit/QMUICore
  - QMUIKit/QMUIComponents/QMUIWindowSizeMonitor (4.4.3):
    - QMUIKit/QMUICore
  - QMUIKit/QMUIComponents/QMUIZoomImageView (4.4.3):
    - QMUIKit/QMUIComponents/QMUIAssetLibrary
    - QMUIKit/QMUIComponents/QMUIButton
    - QMUIKit/QMUIComponents/QMUIEmptyView
    - QMUIKit/QMUIComponents/QMUIPieProgressView
    - QMUIKit/QMUICore
    - QMUIKit/QMUIResources
  - QMUIKit/QMUICore (4.4.3):
    - QMUIKit/QMUILog
    - QMUIKit/QMUIWeakObjectContainer
  - QMUIKit/QMUILog (4.4.3)
  - QMUIKit/QMUIMainFrame (4.4.3):
    - QMUIKit/QMUIComponents/QMUIEmptyView
    - QMUIKit/QMUIComponents/QMUIKeyboardManager
    - QMUIKit/QMUIComponents/QMUIMultipleDelegates
    - QMUIKit/QMUIComponents/QMUINavigationTitleView
    - QMUIKit/QMUIComponents/QMUITableView
    - QMUIKit/QMUIComponents/QMUITableViewHeaderFooterView
    - QMUIKit/QMUICore
    - QMUIKit/QMUILog
  - QMUIKit/QMUIResources (4.4.3)
  - QMUIKit/QMUIWeakObjectContainer (4.4.3)
  - ReactiveCocoa (11.0.0):
    - ReactiveSwift (~> 6.2)
  - ReactiveObjC (3.1.1)
  - ReactiveObjCBridge (6.0.0):
    - ReactiveObjC (~> 3.1)
    - ReactiveSwift (~> 6.1)
  - ReactiveSwift (6.3.0)
  - Reusable (4.1.1):
    - Reusable/Storyboard (= 4.1.1)
    - Reusable/View (= 4.1.1)
  - Reusable/Storyboard (4.1.1)
  - Reusable/View (4.1.1)
  - RSKGrowingTextView (6.0.3):
    - RSKPlaceholderTextView (= 6.0.3)
  - RSKPlaceholderTextView (6.0.3)
  - RxCocoa (5.1.1):
    - RxRelay (~> 5)
    - RxSwift (~> 5)
  - RxDataSources (4.0.1):
    - Differentiator (~> 4.0)
    - RxCocoa (~> 5.0)
    - RxSwift (~> 5.0)
  - RxGesture (3.0.2):
    - RxCocoa (~> 5.1)
    - RxSwift (~> 5.1)
  - RxRelay (5.1.1):
    - RxSwift (~> 5)
  - RxSwift (5.1.1)
  - SAMKeychain (1.5.3)
  - SDCycleScrollView (1.80):
    - SDWebImage (>= 5.0.0)
  - SDWebImage (5.3.1):
    - SDWebImage/Core (= 5.3.1)
  - SDWebImage/Core (5.3.1)
  - SDWebImageWebPCoder (0.3.1):
    - libwebp (~> 1.0)
    - SDWebImage/Core (~> 5.0)
  - SensorsAnalyticsSDK (4.2.1):
    - SensorsAnalyticsSDK/Core (= 4.2.1)
  - SensorsAnalyticsSDK/__Store (4.2.1)
  - SensorsAnalyticsSDK/AutoTrack (4.2.1):
    - SensorsAnalyticsSDK/Common
  - SensorsAnalyticsSDK/Base (4.2.1):
    - SensorsAnalyticsSDK/__Store
  - SensorsAnalyticsSDK/Common (4.2.1):
    - SensorsAnalyticsSDK/Extension
  - SensorsAnalyticsSDK/Core (4.2.1):
    - SensorsAnalyticsSDK/Common
    - SensorsAnalyticsSDK/Visualized
  - SensorsAnalyticsSDK/Extension (4.2.1):
    - SensorsAnalyticsSDK/Base
  - SensorsAnalyticsSDK/Visualized (4.2.1):
    - SensorsAnalyticsSDK/AutoTrack
  - SnapKit (5.0.1)
  - Socket.IO-Client-Swift (15.2.0):
    - Starscream (~> 3.1)
  - SQLiteRepairKit (1.2.1):
    - WCDBOptimizedSQLCipher (~> 1.2.0)
  - SSZipArchive (2.1.4)
  - Starscream (3.1.1)
  - SwifterSwift (5.0.0):
    - SwifterSwift/AppKit (= 5.0.0)
    - SwifterSwift/CoreGraphics (= 5.0.0)
    - SwifterSwift/CoreLocation (= 5.0.0)
    - SwifterSwift/Dispatch (= 5.0.0)
    - SwifterSwift/Foundation (= 5.0.0)
    - SwifterSwift/MapKit (= 5.0.0)
    - SwifterSwift/SpriteKit (= 5.0.0)
    - SwifterSwift/SwiftStdlib (= 5.0.0)
    - SwifterSwift/UIKit (= 5.0.0)
  - SwifterSwift/AppKit (5.0.0)
  - SwifterSwift/CoreGraphics (5.0.0)
  - SwifterSwift/CoreLocation (5.0.0)
  - SwifterSwift/Dispatch (5.0.0)
  - SwifterSwift/Foundation (5.0.0)
  - SwifterSwift/MapKit (5.0.0)
  - SwifterSwift/SpriteKit (5.0.0)
  - SwifterSwift/SwiftStdlib (5.0.0)
  - SwifterSwift/UIKit (5.0.0)
  - SwiftProtobuf (1.10.2)
  - SwiftyJSON (5.0.1)
  - TCBeautyPanel (0.1.6):
    - ZipArchive
  - TXLiteAVSDK_Professional (9.5.11344)
  - TYAlertController (1.2.0)
  - TZImagePickerController (3.7.6)
  - "UITableView+FDTemplateLayoutCell (1.6)"
  - URLNavigator (2.2.0)
  - WCDB (1.0.7.5):
    - SQLiteRepairKit (~> 1.2.0)
    - WCDBOptimizedSQLCipher (~> 1.2.0)
  - WCDBOptimizedSQLCipher (1.2.1)
  - YTKNetwork (3.0.0):
    - AFNetworking/NSURLSession (~> 4.0)
  - YXKit (1.8.0):
    - YXKit/Core (= 1.8.0)
    - YXKit/HLNetWorkReachability (= 1.8.0)
    - YXKit/NFCPassportReader (= 1.8.0)
    - YXKit/YXAlertView (= 1.8.0)
    - YXKit/YXConstant (= 1.8.0)
    - YXKit/YXLogUtil (= 1.8.0)
    - YXKit/YXMoyaRequest (= 1.8.0)
    - YXKit/YXNativeRouter (= 1.8.0)
    - YXKit/YXQuoteManager (= 1.8.0)
    - YXKit/YXSecret (= 1.8.0)
    - YXKit/YXSnapKit (= 1.8.0)
    - YXKit/YXSocketSingleton (= 1.8.0)
    - YXKit/YXTabView (= 1.8.0)
    - YXKit/YXTimerSingleton (= 1.8.0)
    - YXKit/YXUtils (= 1.8.0)
    - YXKit/YXWKWebView (= 1.8.0)
  - YXKit/Core (1.8.0)
  - YXKit/HLNetWorkReachability (1.8.0):
    - YXKit/Core
  - YXKit/NFCPassportReader (1.8.0):
    - CryptoSwift (= 1.4.2)
    - YXKit/Core
  - YXKit/YXAlertView (1.8.0):
    - RxCocoa
    - RxSwift
    - TYAlertController (~> 1.2.0)
    - YXKit/Core
    - YXKit/YXConstant
    - YXKit/YXSnapKit
  - YXKit/YXConstant (1.8.0):
    - CryptoSwift (= 1.4.2)
    - MMKV (= 1.0.23)
    - SAMKeychain
    - YXKit/Core
    - YXKit/YXUtils
  - YXKit/YXLogUtil (1.8.0):
    - YXKit/Core
    - YXKit/YXConstant
  - YXKit/YXMoyaRequest (1.8.0):
    - Alamofire (= 5.4.3)
    - MMKV
    - Moya/RxSwift (~> 14.0)
    - MSDKDns_C11 (= 1.3.3)
    - "NSObject+Rx"
    - SSZipArchive
    - YXKit/Core
    - YXKit/YXConstant
    - YXKit/YXLogUtil
    - YXKit/YXUtils
  - YXKit/YXNativeRouter (1.8.0):
    - YXKit/Core
  - YXKit/YXQuoteManager (1.8.0):
    - YXKit/Core
    - YXKit/YXMoyaRequest
    - YXKit/YXSocketSingleton
    - YXKit/YXTimerSingleton
  - YXKit/YXSecret (1.8.0):
    - YXKit/Core
  - YXKit/YXSnapKit (1.8.0):
    - SnapKit (~> 5.0.1)
    - YXKit/Core
  - YXKit/YXSocketSingleton (1.8.0):
    - CocoaAsyncSocket
    - MMKV
    - Protobuf
    - YXKit/Core
    - YXKit/YXConstant
    - YXKit/YXMoyaRequest
    - YXKit/YXTimerSingleton
    - YXKit/YXUtils
  - YXKit/YXTabView (1.8.0):
    - Masonry
    - YXKit/Core
  - YXKit/YXTimerSingleton (1.8.0):
    - YXKit/Core
  - YXKit/YXUtils (1.8.0):
    - MMKV
    - SAMKeychain
    - SwiftyJSON (~> 5.0.0)
    - YXKit/Core
    - YXKit/HLNetWorkReachability
    - YYCategories
  - YXKit/YXWKWebView (1.8.0):
    - YXKit/Core
    - YXKit/YXLogUtil
    - YXKit/YXNativeRouter
  - YYCategories (1.0.4):
    - YYCategories/no-arc (= 1.0.4)
  - YYCategories/no-arc (1.0.4)
  - YYModel (1.0.4)
  - YYText (1.0.7)
  - ZipArchive (1.4.0)

DEPENDENCIES:
  - AFNetworking/NSURLSession (~> 4.0)
  - AppsFlyerFramework
  - BRPickerView
  - Charts
  - CocoaAsyncSocket
  - CYLTabBarController/Lottie (~> 1.28.0)
  - DTCoreText
  - DZNEmptyDataSet
  - Firebase/Analytics
  - Firebase/Auth
  - Firebase/Crashlytics
  - FLAnimatedImage (from `https://github.com/Flipboard/FLAnimatedImage`, branch `master`)
  - GoogleSignIn
  - IGListDiffKit (from `YXIGListKit/IGListDiffKit.podspec`)
  - IGListKit (from `YXIGListKit/IGListKit.podspec`)
  - IGListSwiftKit (from `YXIGListKit/IGListSwiftKit.podspec`)
  - iProov
  - IQKeyboardManagerSwift (~> 6.5.5)
  - JumioMobileSDK/Netverify (~> 3.8.0)
  - JumioMobileSDK/NetverifyBarcode (~> 3.8.0)
  - JumioMobileSDK/NetverifyBase (~> 3.8.0)
  - "JumioMobileSDK/NetverifyFace+iProov (~> 3.8.0)"
  - JumioMobileSDK/NetverifyNFC (~> 3.8.0)
  - JXPagingView/Paging
  - JXSegmentedView (= 1.2.7)
  - Masonry
  - MBProgressHUD
  - MJRefresh (= 3.2.0)
  - mob_sharesdk
  - mob_sharesdk/ShareSDKExtension
  - mob_sharesdk/ShareSDKPlatforms/Facebook
  - mob_sharesdk/ShareSDKPlatforms/Instagram
  - mob_sharesdk/ShareSDKPlatforms/Line
  - mob_sharesdk/ShareSDKPlatforms/Messenger
  - mob_sharesdk/ShareSDKPlatforms/Telegram
  - mob_sharesdk/ShareSDKPlatforms/Twitter
  - mob_sharesdk/ShareSDKPlatforms/WeChat
  - mob_sharesdk/ShareSDKPlatforms/WhatsApp
  - "NSObject+Rx"
  - Onfido
  - PluggableApplicationDelegate (from `https://github.com/fmo91/PluggableApplicationDelegate.git`)
  - PPSPing (~> 0.3.0)
  - Protobuf
  - QCloudCOSXML/Transfer
  - QMUIKit (~> 4.4.3)
  - ReactiveCocoa (~> 11.0.0)
  - ReactiveObjC (~> 3.1.1)
  - ReactiveObjCBridge (~> 6.0.0)
  - Reusable (~> 4.1.1)
  - RSKGrowingTextView
  - RxCocoa
  - RxDataSources
  - RxGesture
  - RxSwift
  - SAMKeychain
  - SDCycleScrollView (~> 1.80)
  - SDWebImage (~> 5.0)
  - SDWebImageWebPCoder
  - SensorsAnalyticsSDK
  - SSZipArchive
  - SwifterSwift
  - SwiftProtobuf (~> 1.10.2)
  - TCBeautyPanel
  - TXLiteAVSDK_Professional
  - TYAlertController
  - TZImagePickerController
  - "UITableView+FDTemplateLayoutCell (~> 1.6)"
  - URLNavigator
  - WCDB
  - YTKNetwork
  - YXKit (from `uSmartOversea/Submodules/YXKit/YXKit.podspec`)
  - YYModel
  - YYText

SPEC REPOS:
  https://github.com/CocoaPods/Specs.git:
    - AFNetworking
    - Alamofire
    - AppAuth
    - AppsFlyerFramework
    - BRPickerView
    - Charts
    - CocoaAsyncSocket
    - CryptoSwift
    - CYLTabBarController
    - Differentiator
    - DTCoreText
    - DTFoundation
    - DZNEmptyDataSet
    - Firebase
    - FirebaseAnalytics
    - FirebaseAuth
    - FirebaseCore
    - FirebaseCoreDiagnostics
    - FirebaseCrashlytics
    - FirebaseInstallations
    - GoogleAppMeasurement
    - GoogleDataTransport
    - GoogleDataTransportCCTSupport
    - GoogleSignIn
    - GoogleUtilities
    - GTMAppAuth
    - GTMSessionFetcher
    - iProov
    - IQKeyboardManagerSwift
    - JumioMobileSDK
    - JXPagingView
    - JXSegmentedView
    - libwebp
    - lottie-ios
    - Masonry
    - MBProgressHUD
    - MJRefresh
    - MMKV
    - mob_sharesdk
    - MOBFoundation
    - Moya
    - MSDKDns_C11
    - nanopb
    - "NSObject+Rx"
    - Onfido
    - PPSPing
    - PromisesObjC
    - Protobuf
    - QCloudCore
    - QCloudCOSXML
    - QMUIKit
    - ReactiveCocoa
    - ReactiveObjC
    - ReactiveObjCBridge
    - ReactiveSwift
    - Reusable
    - RSKGrowingTextView
    - RSKPlaceholderTextView
    - RxCocoa
    - RxDataSources
    - RxGesture
    - RxRelay
    - RxSwift
    - SAMKeychain
    - SDCycleScrollView
    - SDWebImage
    - SDWebImageWebPCoder
    - SensorsAnalyticsSDK
    - SnapKit
    - Socket.IO-Client-Swift
    - SQLiteRepairKit
    - SSZipArchive
    - Starscream
    - SwifterSwift
    - SwiftProtobuf
    - SwiftyJSON
    - TCBeautyPanel
    - TXLiteAVSDK_Professional
    - TYAlertController
    - TZImagePickerController
    - "UITableView+FDTemplateLayoutCell"
    - URLNavigator
    - WCDB
    - WCDBOptimizedSQLCipher
    - YTKNetwork
    - YYCategories
    - YYModel
    - YYText
    - ZipArchive

EXTERNAL SOURCES:
  FLAnimatedImage:
    :branch: master
    :git: https://github.com/Flipboard/FLAnimatedImage
  IGListDiffKit:
    :path: YXIGListKit/IGListDiffKit.podspec
  IGListKit:
    :path: YXIGListKit/IGListKit.podspec
  IGListSwiftKit:
    :path: YXIGListKit/IGListSwiftKit.podspec
  PluggableApplicationDelegate:
    :git: https://github.com/fmo91/PluggableApplicationDelegate.git
  YXKit:
    :path: uSmartOversea/Submodules/YXKit/YXKit.podspec

CHECKOUT OPTIONS:
  FLAnimatedImage:
    :commit: 3d8732d8ce472024ed703f4829950a3279799e38
    :git: https://github.com/Flipboard/FLAnimatedImage
  PluggableApplicationDelegate:
    :commit: 465ebe3f6441f48f2a2144b59c0459c8f6cb7564
    :git: https://github.com/fmo91/PluggableApplicationDelegate.git

SPEC CHECKSUMS:
  AFNetworking: 7864c38297c79aaca1500c33288e429c3451fdce
  Alamofire: e447a2774a40c996748296fa2c55112fdbbc42f9
  AppAuth: 31bcec809a638d7bd2f86ea8a52bd45f6e81e7c7
  AppsFlyerFramework: a5686a38cd5e5a9aa077fc83e3a4d0c4b052d6a6
  BRPickerView: 5e9f843abd8055abef5aea0932b2744c728ccdf9
  Charts: e0dd4cd8f257bccf98407b58183ddca8e8d5b578
  CocoaAsyncSocket: eafaa68a7e0ec99ead0a7b35015e0bf25d2c8987
  CryptoSwift: a532e74ed010f8c95f611d00b8bbae42e9fe7c17
  CYLTabBarController: edd9fecba9afa3f2e9e44ed50ca6dde69941f25f
  Differentiator: 886080237d9f87f322641dedbc5be257061b0602
  DTCoreText: 67023bb51b26711d5f640c851f4845aea14c24c9
  DTFoundation: 25aa19bb7c6e225b1dfae195604fb8cf1da0ab4c
  DZNEmptyDataSet: 9525833b9e68ac21c30253e1d3d7076cc828eaa7
  Firebase: fc4cbf6f1592636431821ef9a3c557e4dfd9f268
  FirebaseAnalytics: 0ea640473474f036cabbc2576e20c2d63671c92f
  FirebaseAuth: b85c064e0ac60f82486728d50a4803f235687302
  FirebaseCore: feda061cb1ee6d8ad4824f4a4a8ffbcfe284f595
  FirebaseCoreDiagnostics: 4505e4d4009b1d93f605088ee7d7764d5f0d1c84
  FirebaseCrashlytics: 7d0fa02ea8842cc4b2ab07b0735edafde1ad77d6
  FirebaseInstallations: 293f567159b6d66d1c990f13bb868066096c94ec
  FLAnimatedImage: 8f3e854ebf9680b71f0b6e700939687fc4d82b4b
  GoogleAppMeasurement: 2fd5c5a56c069db635c8e7b92d4809a9591d0a69
  GoogleDataTransport: 9a8a16f79feffc7f42096743de2a7c4815e84020
  GoogleDataTransportCCTSupport: 489c1265d2c85b68187a83a911913d190012158d
  GoogleSignIn: 7137d297ddc022a7e0aa4619c86d72c909fa7213
  GoogleUtilities: 39530bc0ad980530298e9c4af8549e991fd033b1
  GTMAppAuth: 4deac854479704f348309e7b66189e604cf5e01e
  GTMSessionFetcher: 6f5c8abbab8a9bce4bb3f057e317728ec6182b10
  IGListDiffKit: 7d70583ef1f7883b23b40a21051844c6036128ca
  IGListKit: a2345833762c4ebdf576ed6a51e35db701f0c2f0
  IGListSwiftKit: a2b846f2aa8a1440964b4bce2d97423d685d06b6
  iProov: 5cefb12ff4890c260f190d6e2426737ab389eb79
  IQKeyboardManagerSwift: 0fb93310284665245591f50f7a5e38de615960b7
  JumioMobileSDK: c686a7afd079218163810d29031adac0b5e602b1
  JXPagingView: 90924b364a2ff7e94db534fad1fa50925ff69ee4
  JXSegmentedView: eb1cad21f57c2543c00c3e08b8fd3c7ca54f5acd
  libwebp: 98a37e597e40bfdb4c911fc98f2c53d0b12d05fc
  lottie-ios: a50d5c0160425cd4b01b852bb9578963e6d92d31
  Masonry: 678fab65091a9290e40e2832a55e7ab731aad201
  MBProgressHUD: e7baa36a220447d8aeb12769bf0585582f3866d9
  MJRefresh: ed450d6eb9d3346a2cb033ab7eb6de090aeef437
  MMKV: 031ae51aedc0af1b250922f7ed8a6b6ee2f94c4c
  mob_sharesdk: 85578d9f056a0eba7f878369a64e39547063c45f
  MOBFoundation: b3217500b6ba3caaff5a8a1f02a8dcf17779fa60
  Moya: 5b45dacb75adb009f97fde91c204c1e565d31916
  MSDKDns_C11: 87c3ddc2b8f06f081515b211fdd91a3aeb30b399
  nanopb: c43f40fadfe79e8b8db116583945847910cbabc9
  "NSObject+Rx": fa6bbcc1ab1faa06b01466bc09b1e0692bbc5946
  Onfido: d6fad6d6fdc0cfe83547789d37e166371346c033
  PluggableApplicationDelegate: 5144bff5ef6ea834a362341a65199b38912d7dd6
  PPSPing: f275a44303d6e1ebbd07b90fe8d29831838e58a7
  PromisesObjC: b48e0338dbbac2207e611750777895f7a5811b75
  Protobuf: 0cde852566359049847168e51bd1c690e0f70056
  QCloudCore: e8405a45aff01df2d57a11887e8a76408f8ed10e
  QCloudCOSXML: ae713cd855ec0d18d2c7c4f33110c2cb1c78def9
  QMUIKit: 5da6e59d5d312681ee45706af42fd3af7b4f55eb
  ReactiveCocoa: 189fcea9c5af7e394dd8a4cfc1c6f77af9ff3598
  ReactiveObjC: 011caa393aa0383245f2dcf9bf02e86b80b36040
  ReactiveObjCBridge: 5502e3da1f092d39953ac27816f3441e01eb875a
  ReactiveSwift: 7937f26ec18d555e2a99352bd0a8b2817d1f042d
  Reusable: 53a9acf5c536f229b31b5865782414b508252ddb
  RSKGrowingTextView: 0718482ee121892b1eb9fe72e9eebd3ef46b81f0
  RSKPlaceholderTextView: fc8c8932546298ec9d5e5572284aa42adb87b066
  RxCocoa: 32065309a38d29b5b0db858819b5bf9ef038b601
  RxDataSources: efee07fa4de48477eca0a4611e6d11e2da9c1114
  RxGesture: d6bd7447ca3a596c7a9702a6a2b6a2bb5d8bae54
  RxRelay: d77f7d771495f43c556cbc43eebd1bb54d01e8e9
  RxSwift: 81470a2074fa8780320ea5fe4102807cb7118178
  SAMKeychain: 483e1c9f32984d50ca961e26818a534283b4cd5c
  SDCycleScrollView: b3c9a5ed840c771c4938978174c7c9d9feefeb96
  SDWebImage: 7137d57385fb632129838c1e6ab9528a22c666cc
  SDWebImageWebPCoder: ce58a29621c2806dd5c36695ed192cf67163ff9d
  SensorsAnalyticsSDK: 7555b4a06adb7a6fce03b22c4da2cb82093a2416
  SnapKit: 97b92857e3df3a0c71833cce143274bf6ef8e5eb
  Socket.IO-Client-Swift: 1e3e3a1f09f3312a167f0d781eb2f383d477357c
  SQLiteRepairKit: 4d21bab9eff6a273f63da6815a0d1659e53f5bde
  SSZipArchive: 41455d4b8d2b6ab93990820b50dc697c2554a322
  Starscream: 4bb2f9942274833f7b4d296a55504dcfc7edb7b0
  SwifterSwift: 96f90594b370802f01647c2b1229c74a84ffafee
  SwiftProtobuf: bec1ae7d686ff73dd09d79866154f4970b891410
  SwiftyJSON: 2f33a42c6fbc52764d96f13368585094bfd8aa5e
  TCBeautyPanel: 81863024a5f057481a10179ccaf61a2ba210bef9
  TXLiteAVSDK_Professional: 2dd7a161f4b56692a5d87483d04e2c788e5a23e0
  TYAlertController: c121090edb0bea7426f987da94cdddd81eef4231
  TZImagePickerController: fb446ac06ae9c217bc849185646a68465bcd0dd4
  "UITableView+FDTemplateLayoutCell": 5c949b4a5059c404b442926c0e80f81d10a2d66f
  URLNavigator: 0bffc3efdeb2d97f7b5eec7ac82d290f4a099431
  WCDB: 8e90babdeb7784c569353a4bd22a66c0a175a882
  WCDBOptimizedSQLCipher: baf44493b0c7a3d49e97bc5b64a3856f6428ddd1
  YTKNetwork: 0587ce85fda2e2c591405089cc9aaa61649aa5ed
  YXKit: 9509d6b5edc9afb8de438fdb7d26b7deb1d391d1
  YYCategories: 6bcd4314c6661a561410dce4a793379ebd306abd
  YYModel: 2a7fdd96aaa4b86a824e26d0c517de8928c04b30
  YYText: 5c461d709e24d55a182d1441c41dc639a18a4849
  ZipArchive: e25a4373192673e3229ac8d6e9f64a3e5713c966

PODFILE CHECKSUM: 6821179b8b783ec4c58c9b4ca3a2d34e525897d9

COCOAPODS: 1.11.3
