PODS:
  - AFNetworking (4.0.1):
    - AFNetworking/NSURLSession (= 4.0.1)
    - AFNetworking/Reachability (= 4.0.1)
    - AFNetworking/Security (= 4.0.1)
    - AFNetworking/Serialization (= 4.0.1)
    - AFNetworking/UIKit (= 4.0.1)
  - AFNetworking/NSURLSession (4.0.1):
    - AFNetworking/Reachability
    - AFNetworking/Security
    - AFNetworking/Serialization
  - AFNetworking/Reachability (4.0.1)
  - AFNetworking/Security (4.0.1)
  - AFNetworking/Serialization (4.0.1)
  - AFNetworking/UIKit (4.0.1):
    - AFNetworking/NSURLSession
  - AppAuth (1.4.0):
    - AppAuth/Core (= 1.4.0)
    - AppAuth/ExternalUserAgent (= 1.4.0)
  - AppAuth/Core (1.4.0)
  - AppAuth/ExternalUserAgent (1.4.0)
  - Bolts (1.9.1):
    - Bolts/AppLinks (= 1.9.1)
    - Bolts/Tasks (= 1.9.1)
  - Bolts/AppLinks (1.9.1):
    - Bolts/Tasks
  - Bolts/Tasks (1.9.1)
  - Branch (1.39.4)
  - CocoaLumberjack (3.7.2):
    - CocoaLumberjack/Core (= 3.7.2)
  - CocoaLumberjack/Core (3.7.2)
  - Differentiator (5.0.0)
  - DXPopover (0.1.1)
  - FBSDKCoreKit (9.0.1):
    - FBSDKCoreKit/Basics (= 9.0.1)
    - FBSDKCoreKit/Core (= 9.0.1)
  - FBSDKCoreKit/Basics (9.0.1)
  - FBSDKCoreKit/Core (9.0.1):
    - FBSDKCoreKit/Basics
  - FBSDKLoginKit (9.0.1):
    - FBSDKLoginKit/Login (= 9.0.1)
  - FBSDKLoginKit/Login (9.0.1):
    - FBSDKCoreKit (~> 9.0.1)
  - FBSDKShareKit (9.0.1):
    - FBSDKShareKit/Share (= 9.0.1)
  - FBSDKShareKit/Share (9.0.1):
    - FBSDKCoreKit (~> 9.0.1)
  - Firebase/Analytics (8.6.0):
    - Firebase/Core
  - Firebase/Core (8.6.0):
    - Firebase/CoreOnly
    - FirebaseAnalytics (~> 8.6.0)
  - Firebase/CoreOnly (8.6.0):
    - FirebaseCore (= 8.6.0)
  - Firebase/Crashlytics (8.6.0):
    - Firebase/CoreOnly
    - FirebaseCrashlytics (~> 8.6.0)
  - Firebase/DynamicLinks (8.6.0):
    - Firebase/CoreOnly
    - FirebaseDynamicLinks (~> 8.6.0)
  - Firebase/Messaging (8.6.0):
    - Firebase/CoreOnly
    - FirebaseMessaging (~> 8.6.0)
  - Firebase/Performance (8.6.0):
    - Firebase/CoreOnly
    - FirebasePerformance (~> 8.6.0)
  - FirebaseABTesting (8.6.0):
    - FirebaseCore (~> 8.0)
  - FirebaseAnalytics (8.6.0):
    - FirebaseAnalytics/AdIdSupport (= 8.6.0)
    - FirebaseCore (~> 8.0)
    - FirebaseInstallations (~> 8.0)
    - GoogleUtilities/AppDelegateSwizzler (~> 7.4)
    - GoogleUtilities/MethodSwizzler (~> 7.4)
    - GoogleUtilities/Network (~> 7.4)
    - "GoogleUtilities/NSData+zlib (~> 7.4)"
    - nanopb (~> 2.30908.0)
  - FirebaseAnalytics/AdIdSupport (8.6.0):
    - FirebaseCore (~> 8.0)
    - FirebaseInstallations (~> 8.0)
    - GoogleAppMeasurement (= 8.6.0)
    - GoogleUtilities/AppDelegateSwizzler (~> 7.4)
    - GoogleUtilities/MethodSwizzler (~> 7.4)
    - GoogleUtilities/Network (~> 7.4)
    - "GoogleUtilities/NSData+zlib (~> 7.4)"
    - nanopb (~> 2.30908.0)
  - FirebaseCore (8.6.0):
    - FirebaseCoreDiagnostics (~> 8.0)
    - GoogleUtilities/Environment (~> 7.4)
    - GoogleUtilities/Logger (~> 7.4)
  - FirebaseCoreDiagnostics (8.6.0):
    - GoogleDataTransport (~> 9.0)
    - GoogleUtilities/Environment (~> 7.4)
    - GoogleUtilities/Logger (~> 7.4)
    - nanopb (~> 2.30908.0)
  - FirebaseCrashlytics (8.6.0):
    - FirebaseCore (~> 8.0)
    - FirebaseInstallations (~> 8.0)
    - GoogleDataTransport (~> 9.0)
    - GoogleUtilities/Environment (~> 7.4)
    - nanopb (~> 2.30908.0)
    - PromisesObjC (< 3.0, >= 1.2)
  - FirebaseDynamicLinks (8.6.0):
    - FirebaseCore (~> 8.0)
  - FirebaseInstallations (8.6.0):
    - FirebaseCore (~> 8.0)
    - GoogleUtilities/Environment (~> 7.4)
    - GoogleUtilities/UserDefaults (~> 7.4)
    - PromisesObjC (< 3.0, >= 1.2)
  - FirebaseMessaging (8.6.0):
    - FirebaseCore (~> 8.0)
    - FirebaseInstallations (~> 8.0)
    - GoogleDataTransport (~> 9.0)
    - GoogleUtilities/AppDelegateSwizzler (~> 7.4)
    - GoogleUtilities/Environment (~> 7.4)
    - GoogleUtilities/Reachability (~> 7.4)
    - GoogleUtilities/UserDefaults (~> 7.4)
    - nanopb (~> 2.30908.0)
  - FirebasePerformance (8.6.0):
    - FirebaseCore (~> 8.0)
    - FirebaseInstallations (~> 8.0)
    - FirebaseRemoteConfig (~> 8.0)
    - GoogleDataTransport (~> 9.0)
    - GoogleUtilities/Environment (~> 7.4)
    - GoogleUtilities/ISASwizzler (~> 7.4)
    - GoogleUtilities/MethodSwizzler (~> 7.4)
    - nanopb (~> 2.30908.0)
  - FirebaseRemoteConfig (8.6.0):
    - FirebaseABTesting (~> 8.0)
    - FirebaseCore (~> 8.0)
    - FirebaseInstallations (~> 8.0)
    - GoogleUtilities/Environment (~> 7.4)
    - "GoogleUtilities/NSData+zlib (~> 7.4)"
  - FLEX (4.4.1)
  - GoogleAppMeasurement (8.6.0):
    - GoogleAppMeasurement/AdIdSupport (= 8.6.0)
    - GoogleUtilities/AppDelegateSwizzler (~> 7.4)
    - GoogleUtilities/MethodSwizzler (~> 7.4)
    - GoogleUtilities/Network (~> 7.4)
    - "GoogleUtilities/NSData+zlib (~> 7.4)"
    - nanopb (~> 2.30908.0)
  - GoogleAppMeasurement/AdIdSupport (8.6.0):
    - GoogleUtilities/AppDelegateSwizzler (~> 7.4)
    - GoogleUtilities/MethodSwizzler (~> 7.4)
    - GoogleUtilities/Network (~> 7.4)
    - "GoogleUtilities/NSData+zlib (~> 7.4)"
    - nanopb (~> 2.30908.0)
  - GoogleDataTransport (9.1.0):
    - GoogleUtilities/Environment (~> 7.2)
    - nanopb (~> 2.30908.0)
    - PromisesObjC (< 3.0, >= 1.2)
  - GoogleMaps (4.1.0):
    - GoogleMaps/Maps (= 4.1.0)
  - GoogleMaps/Base (4.1.0)
  - GoogleMaps/Maps (4.1.0):
    - GoogleMaps/Base
  - GooglePlaces (4.1.0):
    - GoogleMaps/Base (= 4.1.0)
  - GoogleSignIn (5.0.2):
    - AppAuth (~> 1.2)
    - GTMAppAuth (~> 1.0)
    - GTMSessionFetcher/Core (~> 1.1)
  - GoogleUtilities/AppDelegateSwizzler (7.5.1):
    - GoogleUtilities/Environment
    - GoogleUtilities/Logger
    - GoogleUtilities/Network
  - GoogleUtilities/Environment (7.5.1):
    - PromisesObjC (< 3.0, >= 1.2)
  - GoogleUtilities/ISASwizzler (7.5.1)
  - GoogleUtilities/Logger (7.5.1):
    - GoogleUtilities/Environment
  - GoogleUtilities/MethodSwizzler (7.5.1):
    - GoogleUtilities/Logger
  - GoogleUtilities/Network (7.5.1):
    - GoogleUtilities/Logger
    - "GoogleUtilities/NSData+zlib"
    - GoogleUtilities/Reachability
  - "GoogleUtilities/NSData+zlib (7.5.1)"
  - GoogleUtilities/Reachability (7.5.1):
    - GoogleUtilities/Logger
  - GoogleUtilities/UserDefaults (7.5.1):
    - GoogleUtilities/Logger
  - GTMAppAuth (1.2.2):
    - AppAuth/Core (~> 1.4)
    - GTMSessionFetcher/Core (~> 1.5)
  - GTMSessionFetcher/Core (1.5.0)
  - iCarousel (1.8.3)
  - IGListDiffKit (4.0.0)
  - IGListKit (4.0.0):
    - IGListDiffKit (= 4.0.0)
  - JHChainableAnimations (3.0.1)
  - JVFloatLabeledTextField (1.2.2)
  - lottie-ios (3.2.3)
  - MJRefresh (3.6.1)
  - nanopb (2.30908.0):
    - nanopb/decode (= 2.30908.0)
    - nanopb/encode (= 2.30908.0)
  - nanopb/decode (2.30908.0)
  - nanopb/encode (2.30908.0)
  - ObjectMapper (4.2.0)
  - OneKit/BaseKit (1.1.19)
  - OneKit/Reachability (1.1.19)
  - OneKit/StartUp (1.1.19):
    - OneKit/BaseKit
    - OneKit/Reachability
  - PromisesObjC (2.0.0)
  - RangersAppLog/Core (6.2.0):
    - OneKit/BaseKit
    - OneKit/StartUp
  - RangersAppLog/Host/CN (6.2.0):
    - RangersAppLog/Core
  - RangersAppLog/Log (6.2.0):
    - RangersAppLog/Core
  - RangersAppLog/Unique (6.2.0):
    - RangersAppLog/Core
  - RegExCategories (1.0)
  - RxCocoa (6.2.0):
    - RxRelay (= 6.2.0)
    - RxSwift (= 6.2.0)
  - RxDataSources (5.0.0):
    - Differentiator (~> 5.0)
    - RxCocoa (~> 6.0)
    - RxSwift (~> 6.0)
  - RxRelay (6.2.0):
    - RxSwift (= 6.2.0)
  - RxSwift (6.2.0)
  - SensorsAnalyticsSDK (2.6.4):
    - SensorsAnalyticsSDK/Core (= 2.6.4)
  - SensorsAnalyticsSDK/Common (2.6.4)
  - SensorsAnalyticsSDK/Core (2.6.4):
    - SensorsAnalyticsSDK/Common
    - SensorsAnalyticsSDK/Gesture
    - SensorsAnalyticsSDK/Visualized
  - SensorsAnalyticsSDK/Gesture (2.6.4):
    - SensorsAnalyticsSDK/Common
  - SensorsAnalyticsSDK/Visualized (2.6.4):
    - SensorsAnalyticsSDK/Common
  - SnapKit (5.0.1)
  - SnapKitExtend (1.1.0):
    - SnapKit
  - SnapSDK/SCSDKCoreKit (1.10.0)
  - SnapSDK/SCSDKCreativeKit (1.10.0):
    - SnapSDK/SCSDKCoreKit
  - SSZipArchive (2.4.2)
  - SVGKit (3.0.0):
    - CocoaLumberjack (~> 3.0)
  - SwiftyJSON (5.0.1)
  - TTRangeSlider (1.0.7)
  - YYCache (1.0.4)
  - YYImage (1.0.4):
    - YYImage/Core (= 1.0.4)
  - YYImage/Core (1.0.4)
  - YYImage/WebP (1.0.4):
    - YYImage/Core
  - YYModel (1.0.4)
  - YYWebImage (1.0.5):
    - YYCache
    - YYImage
  - zhPopupController (2.0.0)

DEPENDENCIES:
  - AFNetworking (~> 4.0)
  - Bolts
  - Branch
  - DXPopover
  - FBSDKCoreKit (~> 9.0.0)
  - FBSDKLoginKit (~> 9.0.0)
  - FBSDKShareKit (~> 9.0.0)
  - Firebase/Analytics
  - Firebase/Core
  - Firebase/Crashlytics
  - Firebase/DynamicLinks
  - Firebase/Messaging
  - Firebase/Performance
  - FLEX
  - GoogleMaps (~> 4.1.0)
  - GooglePlaces (~> 4.1.0)
  - GoogleSignIn
  - iCarousel
  - IGListKit
  - JHChainableAnimations (~> 3.0.1)
  - JVFloatLabeledTextField
  - lottie-ios
  - MJRefresh
  - ObjectMapper
  - RangersAppLog/Core (= 6.2.0)
  - RangersAppLog/Host/CN (= 6.2.0)
  - RangersAppLog/Log (= 6.2.0)
  - RangersAppLog/Unique (= 6.2.0)
  - RegExCategories
  - RxCocoa (= 6.2.0)
  - RxDataSources
  - RxSwift (= 6.2.0)
  - SensorsAnalyticsSDK
  - SnapKit (~> 5.0.0)
  - SnapKitExtend (~> 1.1.0)
  - SnapSDK/SCSDKCreativeKit
  - SSZipArchive
  - SVGKit (~> 3.0.0)
  - SwiftyJSON
  - TTRangeSlider
  - YYImage/WebP
  - YYModel
  - YYWebImage
  - zhPopupController (~> 2.0)

SPEC REPOS:
  https://github.com/CocoaPods/Specs.git:
    - AFNetworking
    - AppAuth
    - Bolts
    - Branch
    - CocoaLumberjack
    - Differentiator
    - DXPopover
    - FBSDKCoreKit
    - FBSDKLoginKit
    - FBSDKShareKit
    - Firebase
    - FirebaseABTesting
    - FirebaseAnalytics
    - FirebaseCore
    - FirebaseCoreDiagnostics
    - FirebaseCrashlytics
    - FirebaseDynamicLinks
    - FirebaseInstallations
    - FirebaseMessaging
    - FirebasePerformance
    - FirebaseRemoteConfig
    - FLEX
    - GoogleAppMeasurement
    - GoogleDataTransport
    - GoogleMaps
    - GooglePlaces
    - GoogleSignIn
    - GoogleUtilities
    - GTMAppAuth
    - GTMSessionFetcher
    - iCarousel
    - IGListDiffKit
    - IGListKit
    - JHChainableAnimations
    - JVFloatLabeledTextField
    - lottie-ios
    - MJRefresh
    - nanopb
    - ObjectMapper
    - PromisesObjC
    - RegExCategories
    - RxCocoa
    - RxDataSources
    - RxRelay
    - RxSwift
    - SensorsAnalyticsSDK
    - SnapKit
    - SnapKitExtend
    - SnapSDK
    - SSZipArchive
    - SVGKit
    - SwiftyJSON
    - TTRangeSlider
    - YYCache
    - YYImage
    - YYModel
    - YYWebImage
    - zhPopupController
  https://github.com/volcengine/volcengine-specs.git:
    - OneKit
    - RangersAppLog

SPEC CHECKSUMS:
  AFNetworking: 7864c38297c79aaca1500c33288e429c3451fdce
  AppAuth: 31bcec809a638d7bd2f86ea8a52bd45f6e81e7c7
  Bolts: 8c1e8aab2f603387b8b9924f57d1d64f43d3ffdc
  Branch: d21c40c47b5c15c6ab709cdf7d965a50059e0546
  CocoaLumberjack: b7e05132ff94f6ae4dfa9d5bce9141893a21d9da
  Differentiator: e8497ceab83c1b10ca233716d547b9af21b9344d
  DXPopover: 13e6bbd1a0da4e62b2190de51f43a94850769e0f
  FBSDKCoreKit: fada1a6a0076724678993ff05a633848765ff18c
  FBSDKLoginKit: d5ffe6d808897019ccf16feb6f0a7ab260bc5cd6
  FBSDKShareKit: 6a85acb92eaf43a0b6dfa2ba6106eb74c7f10d30
  Firebase: 21ac9f28b09a8bdfc005f34c984fca84e7e8786d
  FirebaseABTesting: c3e48ebf5e7e5c674c5a131c68e941d7921d83dc
  FirebaseAnalytics: 8f32ae54ad42754f503354782575c4ddfc1425c3
  FirebaseCore: 620b677f70f5470a8e59cb77f3ddc666f6f09785
  FirebaseCoreDiagnostics: 3721920bde3a9a6d5aa093c1d25e9d3e47f694af
  FirebaseCrashlytics: 58f8ecea7c799c61c50e8111d2e438424a8a1d2e
  FirebaseDynamicLinks: 406d67290fd123e133641f93a333b4957af22c09
  FirebaseInstallations: 0ede6ffcd215b8f93c19d9b06c1c54e2d4107e98
  FirebaseMessaging: ce0a5ee974f7bfe83b6cc5acce88c2d969e37c41
  FirebasePerformance: 868249ceda5e3399f581b5b53454d963feaa8164
  FirebaseRemoteConfig: 9ee4672d4eacf646256e26cfac61021b3a390ea4
  FLEX: 7ca2c8cd3a435ff501ff6d2f2141e9bdc934eaab
  GoogleAppMeasurement: 2c0c6e2a7ab3fe730ade6379f732bdefb46f50b0
  GoogleDataTransport: 85fd18ff3019bb85d3f2c551d04c481dedf71fc9
  GoogleMaps: 008e2c80e38605b56b560e8deb73d4194ff30bef
  GooglePlaces: a058b776259c13e1323c9ff135549cb1b13ad8e7
  GoogleSignIn: 7137d297ddc022a7e0aa4619c86d72c909fa7213
  GoogleUtilities: 3df19e3c24f7bbc291d8b5809aa6b0d41e642437
  GTMAppAuth: ad5c2b70b9a8689e1a04033c9369c4915bfcbe89
  GTMSessionFetcher: b3503b20a988c4e20cc189aa798fd18220133f52
  iCarousel: d782f635afac190c49bb8ee455882284cff8b85f
  IGListDiffKit: 665d6cf43ce726e676013db9c7d6c4294259b6b2
  IGListKit: fd5a5d21935298f5849fa49d426843cff97b77c7
  JHChainableAnimations: 0237489ed063f0ec5b351f5c7bb26c1891517074
  JVFloatLabeledTextField: df48598472ee015701d509f43e59492a0d4ca208
  lottie-ios: c058aeafa76daa4cf64d773554bccc8385d0150e
  MJRefresh: d2c1970d1cf6e77fcfcdfe76c943dfab8dbfa5c1
  nanopb: a0ba3315591a9ae0a16a309ee504766e90db0c96
  ObjectMapper: 1eb41f610210777375fa806bf161dc39fb832b81
  OneKit: 8a648521168136303ff936b9b67a5cc07a3683f9
  PromisesObjC: 68159ce6952d93e17b2dfe273b8c40907db5ba58
  RangersAppLog: d48ee36765664aaa0dc1ccfc6fbe653fef050490
  RegExCategories: e68befacacd5bda853c88f70ec745cb2d0cfb89c
  RxCocoa: 4baf94bb35f2c0ab31bc0cb9f1900155f646ba42
  RxDataSources: aa47cc1ed6c500fa0dfecac5c979b723542d79cf
  RxRelay: e72dbfd157807478401ef1982e1c61c945c94b2f
  RxSwift: d356ab7bee873611322f134c5f9ef379fa183d8f
  SensorsAnalyticsSDK: 163a99cc1605eb67b22fc605db29de5e325c9d5f
  SnapKit: 97b92857e3df3a0c71833cce143274bf6ef8e5eb
  SnapKitExtend: aa30cf37196195fae9c4354686cc7710184ebfcc
  SnapSDK: 6c4042a5a953d2c90eeafe5a10b863b9ee0857b7
  SSZipArchive: e7b4f3d9e780c2acc1764cd88fbf2de28f26e5b2
  SVGKit: 1ad7513f8c74d9652f94ed64ddecda1a23864dea
  SwiftyJSON: 2f33a42c6fbc52764d96f13368585094bfd8aa5e
  TTRangeSlider: 8cf72eca457c3b700c92eb0074be908c986e25ec
  YYCache: 8105b6638f5e849296c71f331ff83891a4942952
  YYImage: 1e1b62a9997399593e4b9c4ecfbbabbf1d3f3b54
  YYModel: 2a7fdd96aaa4b86a824e26d0c517de8928c04b30
  YYWebImage: 5f7f36aee2ae293f016d418c7d6ba05c4863e928
  zhPopupController: 600aee950c86442c5cca0b078d94c71fe0e1c51e

PODFILE CHECKSUM: 51d65f9ab418bfb238a62e232cebba91ffb4991d

COCOAPODS: 1.10.1
